
Microsoft Visual Studio Solution File, Format Version 12.00
# Visual Studio 15
VisualStudioVersion = 15.0.27428.2027
MinimumVisualStudioVersion = 10.0.40219.1
Project("{FAE04EC0-301F-11D3-BF4B-00C04F79EFBC}") = "Pull_Info", "Pull_Info\Pull_Info.csproj", "{03423AEF-C1FF-427E-9B8C-0CE7827508FD}"
EndProject
Global
	GlobalSection(SolutionConfigurationPlatforms) = preSolution
		Debug|Any CPU = Debug|Any CPU
		Release|Any CPU = Release|Any CPU
	EndGlobalSection
	GlobalSection(ProjectConfigurationPlatforms) = postSolution
		{03423AEF-C1FF-427E-9B8C-0CE7827508FD}.Debug|Any CPU.ActiveCfg = Debug|Any CPU
		{03423AEF-C1FF-427E-9B8C-0CE7827508FD}.Debug|Any CPU.Build.0 = Debug|Any CPU
		{03423AEF-C1FF-427E-9B8C-0CE7827508FD}.Release|Any CPU.ActiveCfg = Release|Any CPU
		{03423AEF-C1FF-427E-9B8C-0CE7827508FD}.Release|Any CPU.Build.0 = Release|Any CPU
	EndGlobalSection
	GlobalSection(SolutionProperties) = preSolution
		HideSolutionNode = FALSE
	EndGlobalSection
	GlobalSection(ExtensibilityGlobals) = postSolution
		SolutionGuid = {960CF1E4-2392-4836-AAC7-FC80813E0C4F}
	EndGlobalSection
EndGlobal
