
Microsoft Visual Studio Solution File, Format Version 12.00
# Visual Studio 15
VisualStudioVersion = 15.0.27703.2035
MinimumVisualStudioVersion = 10.0.40219.1
Project("{FAE04EC0-301F-11D3-BF4B-00C04F79EFBC}") = "Error_Notification", "Error_Notification\Error_Notification.csproj", "{11FE5052-CEB1-48FF-A1F6-1A3A1C93DC4B}"
EndProject
Global
	GlobalSection(SolutionConfigurationPlatforms) = preSolution
		Debug|Any CPU = Debug|Any CPU
		Release|Any CPU = Release|Any CPU
	EndGlobalSection
	GlobalSection(ProjectConfigurationPlatforms) = postSolution
		{11FE5052-CEB1-48FF-A1F6-1A3A1C93DC4B}.Debug|Any CPU.ActiveCfg = Debug|Any CPU
		{11FE5052-CEB1-48FF-A1F6-1A3A1C93DC4B}.Debug|Any CPU.Build.0 = Debug|Any CPU
		{11FE5052-CEB1-48FF-A1F6-1A3A1C93DC4B}.Release|Any CPU.ActiveCfg = Release|Any CPU
		{11FE5052-CEB1-48FF-A1F6-1A3A1C93DC4B}.Release|Any CPU.Build.0 = Release|Any CPU
	EndGlobalSection
	GlobalSection(SolutionProperties) = preSolution
		HideSolutionNode = FALSE
	EndGlobalSection
	GlobalSection(ExtensibilityGlobals) = postSolution
		SolutionGuid = {142B49CC-90BB-4967-8E4D-67EAE0FA992E}
	EndGlobalSection
EndGlobal
